
Microsoft Visual Studio Solution File, Format Version 12.00
# Visual Studio 14
VisualStudioVersion = 14.0.25420.1
MinimumVisualStudioVersion = 10.0.40219.1
Project("{FAE04EC0-301F-11D3-BF4B-00C04F79EFBC}") = "DucLuyenKim.LuceneIndex", "DucLuyenKim.LuceneIndex\DucLuyenKim.LuceneIndex.csproj", "{04AF9C1B-37D7-4541-9622-A8150A3E4A81}"
EndProject
Project("{FAE04EC0-301F-11D3-BF4B-00C04F79EFBC}") = "DucLuyenKim.LuceneTest", "DucLuyenKim.LuceneTest\DucLuyenKim.LuceneTest.csproj", "{29F37FED-6DC7-4BE4-9B79-240925D644B6}"
EndProject
Global
	GlobalSection(SolutionConfigurationPlatforms) = preSolution
		Debug|Any CPU = Debug|Any CPU
		Release|Any CPU = Release|Any CPU
	EndGlobalSection
	GlobalSection(ProjectConfigurationPlatforms) = postSolution
		{04AF9C1B-37D7-4541-9622-A8150A3E4A81}.Debug|Any CPU.ActiveCfg = Debug|Any CPU
		{04AF9C1B-37D7-4541-9622-A8150A3E4A81}.Debug|Any CPU.Build.0 = Debug|Any CPU
		{04AF9C1B-37D7-4541-9622-A8150A3E4A81}.Release|Any CPU.ActiveCfg = Release|Any CPU
		{04AF9C1B-37D7-4541-9622-A8150A3E4A81}.Release|Any CPU.Build.0 = Release|Any CPU
		{29F37FED-6DC7-4BE4-9B79-240925D644B6}.Debug|Any CPU.ActiveCfg = Debug|Any CPU
		{29F37FED-6DC7-4BE4-9B79-240925D644B6}.Debug|Any CPU.Build.0 = Debug|Any CPU
		{29F37FED-6DC7-4BE4-9B79-240925D644B6}.Release|Any CPU.ActiveCfg = Release|Any CPU
		{29F37FED-6DC7-4BE4-9B79-240925D644B6}.Release|Any CPU.Build.0 = Release|Any CPU
	EndGlobalSection
	GlobalSection(SolutionProperties) = preSolution
		HideSolutionNode = FALSE
	EndGlobalSection
EndGlobal
